// !$*UTF8*$!
{
	archiveVersion = 1;
	classes = {
	};
	objectVersion = 55;
	objects = {

/* Begin PBXBuildFile section */
		675A08E62890FCD200048C31 /* HotelList_assignment1App.swift in Sources */ = {isa = PBXBuildFile; fileRef = 675A08E52890FCD200048C31 /* HotelList_assignment1App.swift */; };
		675A08E82890FCD200048C31 /* ContentView.swift in Sources */ = {isa = PBXBuildFile; fileRef = 675A08E72890FCD200048C31 /* ContentView.swift */; };
		675A08EA2890FCD600048C31 /* Assets.xcassets in Resources */ = {isa = PBXBuildFile; fileRef = 675A08E92890FCD600048C31 /* Assets.xcassets */; };
		675A08ED2890FCD600048C31 /* Preview Assets.xcassets in Resources */ = {isa = PBXBuildFile; fileRef = 675A08EC2890FCD600048C31 /* Preview Assets.xcassets */; };
		675A08F5289100A400048C31 /* ColorConstants.swift in Sources */ = {isa = PBXBuildFile; fileRef = 675A08F4289100A400048C31 /* ColorConstants.swift */; };
		675EB3F3289101B9008D74A1 /* WelcomeView.swift in Sources */ = {isa = PBXBuildFile; fileRef = 675EB3F2289101B9008D74A1 /* WelcomeView.swift */; };
		675EB3F5289101F9008D74A1 /* GreetingView.swift in Sources */ = {isa = PBXBuildFile; fileRef = 675EB3F4289101F9008D74A1 /* GreetingView.swift */; };
		675EB3F728910318008D74A1 /* HotelList.swift in Sources */ = {isa = PBXBuildFile; fileRef = 675EB3F628910318008D74A1 /* HotelList.swift */; };
		676FE98028925D240096397A /* Hotel.swift in Sources */ = {isa = PBXBuildFile; fileRef = 676FE97F28925D240096397A /* Hotel.swift */; };
		676FE98228925DA10096397A /* ModelData.swift in Sources */ = {isa = PBXBuildFile; fileRef = 676FE98128925DA10096397A /* ModelData.swift */; };
		676FE985289261090096397A /* HotelRow.swift in Sources */ = {isa = PBXBuildFile; fileRef = 676FE984289261090096397A /* HotelRow.swift */; };
		676FE987289264550096397A /* HotelDetail.swift in Sources */ = {isa = PBXBuildFile; fileRef = 676FE986289264550096397A /* HotelDetail.swift */; };
		676FE98928926FD20096397A /* CircleImage.swift in Sources */ = {isa = PBXBuildFile; fileRef = 676FE98828926FD20096397A /* CircleImage.swift */; };
		676FE98B289275850096397A /* CardView.swift in Sources */ = {isa = PBXBuildFile; fileRef = 676FE98A289275850096397A /* CardView.swift */; };
/* End PBXBuildFile section */

/* Begin PBXFileReference section */
		675A08E22890FCD200048C31 /* HotelList_assignment1.app */ = {isa = PBXFileReference; explicitFileType = wrapper.application; includeInIndex = 0; path = HotelList_assignment1.app; sourceTree = BUILT_PRODUCTS_DIR; };
		675A08E52890FCD200048C31 /* HotelList_assignment1App.swift */ = {isa = PBXFileReference; lastKnownFileType = sourcecode.swift; path = HotelList_assignment1App.swift; sourceTree = "<group>"; };
		675A08E72890FCD200048C31 /* ContentView.swift */ = {isa = PBXFileReference; lastKnownFileType = sourcecode.swift; path = ContentView.swift; sourceTree = "<group>"; };
		675A08E92890FCD600048C31 /* Assets.xcassets */ = {isa = PBXFileReference; lastKnownFileType = folder.assetcatalog; path = Assets.xcassets; sourceTree = "<group>"; };
		675A08EC2890FCD600048C31 /* Preview Assets.xcassets */ = {isa = PBXFileReference; lastKnownFileType = folder.assetcatalog; path = "Preview Assets.xcassets"; sourceTree = "<group>"; };
		675A08F4289100A400048C31 /* ColorConstants.swift */ = {isa = PBXFileReference; lastKnownFileType = sourcecode.swift; path = ColorConstants.swift; sourceTree = "<group>"; };
		675EB3F2289101B9008D74A1 /* WelcomeView.swift */ = {isa = PBXFileReference; lastKnownFileType = sourcecode.swift; path = WelcomeView.swift; sourceTree = "<group>"; };
		675EB3F4289101F9008D74A1 /* GreetingView.swift */ = {isa = PBXFileReference; lastKnownFileType = sourcecode.swift; path = GreetingView.swift; sourceTree = "<group>"; };
		675EB3F628910318008D74A1 /* HotelList.swift */ = {isa = PBXFileReference; lastKnownFileType = sourcecode.swift; path = HotelList.swift; sourceTree = "<group>"; };
		676FE97F28925D240096397A /* Hotel.swift */ = {isa = PBXFileReference; lastKnownFileType = sourcecode.swift; path = Hotel.swift; sourceTree = "<group>"; };
		676FE98128925DA10096397A /* ModelData.swift */ = {isa = PBXFileReference; lastKnownFileType = sourcecode.swift; path = ModelData.swift; sourceTree = "<group>"; };
		676FE984289261090096397A /* HotelRow.swift */ = {isa = PBXFileReference; lastKnownFileType = sourcecode.swift; path = HotelRow.swift; sourceTree = "<group>"; };
		676FE986289264550096397A /* HotelDetail.swift */ = {isa = PBXFileReference; lastKnownFileType = sourcecode.swift; path = HotelDetail.swift; sourceTree = "<group>"; };
		676FE98828926FD20096397A /* CircleImage.swift */ = {isa = PBXFileReference; lastKnownFileType = sourcecode.swift; path = CircleImage.swift; sourceTree = "<group>"; };
		676FE98A289275850096397A /* CardView.swift */ = {isa = PBXFileReference; lastKnownFileType = sourcecode.swift; path = CardView.swift; sourceTree = "<group>"; };
/* End PBXFileReference section */

/* Begin PBXFrameworksBuildPhase section */
		675A08DF2890FCD200048C31 /* Frameworks */ = {
			isa = PBXFrameworksBuildPhase;
			buildActionMask = 2147483647;
			files = (
			);
			runOnlyForDeploymentPostprocessing = 0;
		};
/* End PBXFrameworksBuildPhase section */

/* Begin PBXGroup section */
		675A08D92890FCD200048C31 = {
			isa = PBXGroup;
			children = (
				675A08E42890FCD200048C31 /* HotelList_assignment1 */,
				675A08E32890FCD200048C31 /* Products */,
			);
			sourceTree = "<group>";
		};
		675A08E32890FCD200048C31 /* Products */ = {
			isa = PBXGroup;
			children = (
				675A08E22890FCD200048C31 /* HotelList_assignment1.app */,
			);
			name = Products;
			sourceTree = "<group>";
		};
		675A08E42890FCD200048C31 /* HotelList_assignment1 */ = {
			isa = PBXGroup;
			children = (
				675EB3F028910141008D74A1 /* View */,
				675A08F32891006E00048C31 /* Model */,
				675A08E52890FCD200048C31 /* HotelList_assignment1App.swift */,
				675A08E92890FCD600048C31 /* Assets.xcassets */,
				675A08EB2890FCD600048C31 /* Preview Content */,
			);
			path = HotelList_assignment1;
			sourceTree = "<group>";
		};
		675A08EB2890FCD600048C31 /* Preview Content */ = {
			isa = PBXGroup;
			children = (
				675A08EC2890FCD600048C31 /* Preview Assets.xcassets */,
			);
			path = "Preview Content";
			sourceTree = "<group>";
		};
		675A08F32891006E00048C31 /* Model */ = {
			isa = PBXGroup;
			children = (
				675A08F4289100A400048C31 /* ColorConstants.swift */,
				676FE97F28925D240096397A /* Hotel.swift */,
				676FE98128925DA10096397A /* ModelData.swift */,
			);
			path = Model;
			sourceTree = "<group>";
		};
		675EB3F028910141008D74A1 /* View */ = {
			isa = PBXGroup;
			children = (
				676FE983289260B40096397A /* Hotels */,
				675A08E72890FCD200048C31 /* ContentView.swift */,
				675EB3F12891019C008D74A1 /* Welcome */,
				676FE98A289275850096397A /* CardView.swift */,
			);
			path = View;
			sourceTree = "<group>";
		};
		675EB3F12891019C008D74A1 /* Welcome */ = {
			isa = PBXGroup;
			children = (
				675EB3F2289101B9008D74A1 /* WelcomeView.swift */,
				675EB3F4289101F9008D74A1 /* GreetingView.swift */,
			);
			path = Welcome;
			sourceTree = "<group>";
		};
		676FE983289260B40096397A /* Hotels */ = {
			isa = PBXGroup;
			children = (
				675EB3F628910318008D74A1 /* HotelList.swift */,
				676FE984289261090096397A /* HotelRow.swift */,
				676FE986289264550096397A /* HotelDetail.swift */,
				676FE98828926FD20096397A /* CircleImage.swift */,
			);
			path = Hotels;
			sourceTree = "<group>";
		};
/* End PBXGroup section */

/* Begin PBXNativeTarget section */
		675A08E12890FCD200048C31 /* HotelList_assignment1 */ = {
			isa = PBXNativeTarget;
			buildConfigurationList = 675A08F02890FCD600048C31 /* Build configuration list for PBXNativeTarget "HotelList_assignment1" */;
			buildPhases = (
				675A08DE2890FCD200048C31 /* Sources */,
				675A08DF2890FCD200048C31 /* Frameworks */,
				675A08E02890FCD200048C31 /* Resources */,
			);
			buildRules = (
			);
			dependencies = (
			);
			name = HotelList_assignment1;
			productName = HotelList_assignment1;
			productReference = 675A08E22890FCD200048C31 /* HotelList_assignment1.app */;
			productType = "com.apple.product-type.application";
		};
/* End PBXNativeTarget section */

/* Begin PBXProject section */
		675A08DA2890FCD200048C31 /* Project object */ = {
			isa = PBXProject;
			attributes = {
				BuildIndependentTargetsInParallel = 1;
				LastSwiftUpdateCheck = 1310;
				LastUpgradeCheck = 1310;
				TargetAttributes = {
					675A08E12890FCD200048C31 = {
						CreatedOnToolsVersion = 13.1;
					};
				};
			};
			buildConfigurationList = 675A08DD2890FCD200048C31 /* Build configuration list for PBXProject "HotelList_assignment1" */;
			compatibilityVersion = "Xcode 13.0";
			developmentRegion = en;
			hasScannedForEncodings = 0;
			knownRegions = (
				en,
				Base,
			);
			mainGroup = 675A08D92890FCD200048C31;
			productRefGroup = 675A08E32890FCD200048C31 /* Products */;
			projectDirPath = "";
			projectRoot = "";
			targets = (
				675A08E12890FCD200048C31 /* HotelList_assignment1 */,
			);
		};
/* End PBXProject section */

/* Begin PBXResourcesBuildPhase section */
		675A08E02890FCD200048C31 /* Resources */ = {
			isa = PBXResourcesBuildPhase;
			buildActionMask = 2147483647;
			files = (
				675A08ED2890FCD600048C31 /* Preview Assets.xcassets in Resources */,
				675A08EA2890FCD600048C31 /* Assets.xcassets in Resources */,
			);
			runOnlyForDeploymentPostprocessing = 0;
		};
/* End PBXResourcesBuildPhase section */

/* Begin PBXSourcesBuildPhase section */
		675A08DE2890FCD200048C31 /* Sources */ = {
			isa = PBXSourcesBuildPhase;
			buildActionMask = 2147483647;
			files = (
				675A08F5289100A400048C31 /* ColorConstants.swift in Sources */,
				675A08E82890FCD200048C31 /* ContentView.swift in Sources */,
				676FE985289261090096397A /* HotelRow.swift in Sources */,
				675A08E62890FCD200048C31 /* HotelList_assignment1App.swift in Sources */,
				675EB3F5289101F9008D74A1 /* GreetingView.swift in Sources */,
				676FE987289264550096397A /* HotelDetail.swift in Sources */,
				675EB3F728910318008D74A1 /* HotelList.swift in Sources */,
				676FE98228925DA10096397A /* ModelData.swift in Sources */,
				676FE98928926FD20096397A /* CircleImage.swift in Sources */,
				675EB3F3289101B9008D74A1 /* WelcomeView.swift in Sources */,
				676FE98B289275850096397A /* CardView.swift in Sources */,
				676FE98028925D240096397A /* Hotel.swift in Sources */,
			);
			runOnlyForDeploymentPostprocessing = 0;
		};
/* End PBXSourcesBuildPhase section */

/* Begin XCBuildConfiguration section */
		675A08EE2890FCD600048C31 /* Debug */ = {
			isa = XCBuildConfiguration;
			buildSettings = {
				ALWAYS_SEARCH_USER_PATHS = NO;
				CLANG_ANALYZER_NONNULL = YES;
				CLANG_ANALYZER_NUMBER_OBJECT_CONVERSION = YES_AGGRESSIVE;
				CLANG_CXX_LANGUAGE_STANDARD = "gnu++17";
				CLANG_CXX_LIBRARY = "libc++";
				CLANG_ENABLE_MODULES = YES;
				CLANG_ENABLE_OBJC_ARC = YES;
				CLANG_ENABLE_OBJC_WEAK = YES;
				CLANG_WARN_BLOCK_CAPTURE_AUTORELEASING = YES;
				CLANG_WARN_BOOL_CONVERSION = YES;
				CLANG_WARN_COMMA = YES;
				CLANG_WARN_CONSTANT_CONVERSION = YES;
				CLANG_WARN_DEPRECATED_OBJC_IMPLEMENTATIONS = YES;
				CLANG_WARN_DIRECT_OBJC_ISA_USAGE = YES_ERROR;
				CLANG_WARN_DOCUMENTATION_COMMENTS = YES;
				CLANG_WARN_EMPTY_BODY = YES;
				CLANG_WARN_ENUM_CONVERSION = YES;
				CLANG_WARN_INFINITE_RECURSION = YES;
				CLANG_WARN_INT_CONVERSION = YES;
				CLANG_WARN_NON_LITERAL_NULL_CONVERSION = YES;
				CLANG_WARN_OBJC_IMPLICIT_RETAIN_SELF = YES;
				CLANG_WARN_OBJC_LITERAL_CONVERSION = YES;
				CLANG_WARN_OBJC_ROOT_CLASS = YES_ERROR;
				CLANG_WARN_QUOTED_INCLUDE_IN_FRAMEWORK_HEADER = YES;
				CLANG_WARN_RANGE_LOOP_ANALYSIS = YES;
				CLANG_WARN_STRICT_PROTOTYPES = YES;
				CLANG_WARN_SUSPICIOUS_MOVE = YES;
				CLANG_WARN_UNGUARDED_AVAILABILITY = YES_AGGRESSIVE;
				CLANG_WARN_UNREACHABLE_CODE = YES;
				CLANG_WARN__DUPLICATE_METHOD_MATCH = YES;
				COPY_PHASE_STRIP = NO;
				DEBUG_INFORMATION_FORMAT = dwarf;
				ENABLE_STRICT_OBJC_MSGSEND = YES;
				ENABLE_TESTABILITY = YES;
				GCC_C_LANGUAGE_STANDARD = gnu11;
				GCC_DYNAMIC_NO_PIC = NO;
				GCC_NO_COMMON_BLOCKS = YES;
				GCC_OPTIMIZATION_LEVEL = 0;
				GCC_PREPROCESSOR_DEFINITIONS = (
					"DEBUG=1",
					"$(inherited)",
				);
				GCC_WARN_64_TO_32_BIT_CONVERSION = YES;
				GCC_WARN_ABOUT_RETURN_TYPE = YES_ERROR;
				GCC_WARN_UNDECLARED_SELECTOR = YES;
				GCC_WARN_UNINITIALIZED_AUTOS = YES_AGGRESSIVE;
				GCC_WARN_UNUSED_FUNCTION = YES;
				GCC_WARN_UNUSED_VARIABLE = YES;
				IPHONEOS_DEPLOYMENT_TARGET = 15.0;
				MTL_ENABLE_DEBUG_INFO = INCLUDE_SOURCE;
				MTL_FAST_MATH = YES;
				ONLY_ACTIVE_ARCH = YES;
				SDKROOT = iphoneos;
				SWIFT_ACTIVE_COMPILATION_CONDITIONS = DEBUG;
				SWIFT_OPTIMIZATION_LEVEL = "-Onone";
			};
			name = Debug;
		};
		675A08EF2890FCD600048C31 /* Release */ = {
			isa = XCBuildConfiguration;
			buildSettings = {
				ALWAYS_SEARCH_USER_PATHS = NO;
				CLANG_ANALYZER_NONNULL = YES;
				CLANG_ANALYZER_NUMBER_OBJECT_CONVERSION = YES_AGGRESSIVE;
				CLANG_CXX_LANGUAGE_STANDARD = "gnu++17";
				CLANG_CXX_LIBRARY = "libc++";
				CLANG_ENABLE_MODULES = YES;
				CLANG_ENABLE_OBJC_ARC = YES;
				CLANG_ENABLE_OBJC_WEAK = YES;
				CLANG_WARN_BLOCK_CAPTURE_AUTORELEASING = YES;
				CLANG_WARN_BOOL_CONVERSION = YES;
				CLANG_WARN_COMMA = YES;
				CLANG_WARN_CONSTANT_CONVERSION = YES;
				CLANG_WARN_DEPRECATED_OBJC_IMPLEMENTATIONS = YES;
				CLANG_WARN_DIRECT_OBJC_ISA_USAGE = YES_ERROR;
				CLANG_WARN_DOCUMENTATION_COMMENTS = YES;
				CLANG_WARN_EMPTY_BODY = YES;
				CLANG_WARN_ENUM_CONVERSION = YES;
				CLANG_WARN_INFINITE_RECURSION = YES;
				CLANG_WARN_INT_CONVERSION = YES;
				CLANG_WARN_NON_LITERAL_NULL_CONVERSION = YES;
				CLANG_WARN_OBJC_IMPLICIT_RETAIN_SELF = YES;
				CLANG_WARN_OBJC_LITERAL_CONVERSION = YES;
				CLANG_WARN_OBJC_ROOT_CLASS = YES_ERROR;
				CLANG_WARN_QUOTED_INCLUDE_IN_FRAMEWORK_HEADER = YES;
				CLANG_WARN_RANGE_LOOP_ANALYSIS = YES;
				CLANG_WARN_STRICT_PROTOTYPES = YES;
				CLANG_WARN_SUSPICIOUS_MOVE = YES;
				CLANG_WARN_UNGUARDED_AVAILABILITY = YES_AGGRESSIVE;
				CLANG_WARN_UNREACHABLE_CODE = YES;
				CLANG_WARN__DUPLICATE_METHOD_MATCH = YES;
				COPY_PHASE_STRIP = NO;
				DEBUG_INFORMATION_FORMAT = "dwarf-with-dsym";
				ENABLE_NS_ASSERTIONS = NO;
				ENABLE_STRICT_OBJC_MSGSEND = YES;
				GCC_C_LANGUAGE_STANDARD = gnu11;
				GCC_NO_COMMON_BLOCKS = YES;
				GCC_WARN_64_TO_32_BIT_CONVERSION = YES;
				GCC_WARN_ABOUT_RETURN_TYPE = YES_ERROR;
				GCC_WARN_UNDECLARED_SELECTOR = YES;
				GCC_WARN_UNINITIALIZED_AUTOS = YES_AGGRESSIVE;
				GCC_WARN_UNUSED_FUNCTION = YES;
				GCC_WARN_UNUSED_VARIABLE = YES;
				IPHONEOS_DEPLOYMENT_TARGET = 15.0;
				MTL_ENABLE_DEBUG_INFO = NO;
				MTL_FAST_MATH = YES;
				SDKROOT = iphoneos;
				SWIFT_COMPILATION_MODE = wholemodule;
				SWIFT_OPTIMIZATION_LEVEL = "-O";
				VALIDATE_PRODUCT = YES;
			};
			name = Release;
		};
		675A08F12890FCD600048C31 /* Debug */ = {
			isa = XCBuildConfiguration;
			buildSettings = {
				ASSETCATALOG_COMPILER_APPICON_NAME = AppIcon;
				ASSETCATALOG_COMPILER_GLOBAL_ACCENT_COLOR_NAME = AccentColor;
				CODE_SIGN_STYLE = Automatic;
				CURRENT_PROJECT_VERSION = 1;
				DEVELOPMENT_ASSET_PATHS = "\"HotelList_assignment1/Preview Content\"";
				DEVELOPMENT_TEAM = V6Q9YDCPQM;
				ENABLE_PREVIEWS = YES;
				GENERATE_INFOPLIST_FILE = YES;
				INFOPLIST_KEY_UIApplicationSceneManifest_Generation = YES;
				INFOPLIST_KEY_UIApplicationSupportsIndirectInputEvents = YES;
				INFOPLIST_KEY_UILaunchScreen_Generation = YES;
				INFOPLIST_KEY_UISupportedInterfaceOrientations_iPad = "UIInterfaceOrientationPortrait UIInterfaceOrientationPortraitUpsideDown UIInterfaceOrientationLandscapeLeft UIInterfaceOrientationLandscapeRight";
				INFOPLIST_KEY_UISupportedInterfaceOrientations_iPhone = "UIInterfaceOrientationPortrait UIInterfaceOrientationLandscapeLeft UIInterfaceOrientationLandscapeRight";
				LD_RUNPATH_SEARCH_PATHS = (
					"$(inherited)",
					"@executable_path/Frameworks",
				);
				MARKETING_VERSION = 1.0;
				PRODUCT_BUNDLE_IDENTIFIER = "vn.edu.rmit.s3777196.HotelList-assignment1";
				PRODUCT_NAME = "$(TARGET_NAME)";
				SWIFT_EMIT_LOC_STRINGS = YES;
				SWIFT_VERSION = 5.0;
				TARGETED_DEVICE_FAMILY = "1,2";
			};
			name = Debug;
		};
		675A08F22890FCD600048C31 /* Release */ = {
			isa = XCBuildConfiguration;
			buildSettings = {
				ASSETCATALOG_COMPILER_APPICON_NAME = AppIcon;
				ASSETCATALOG_COMPILER_GLOBAL_ACCENT_COLOR_NAME = AccentColor;
				CODE_SIGN_STYLE = Automatic;
				CURRENT_PROJECT_VERSION = 1;
				DEVELOPMENT_ASSET_PATHS = "\"HotelList_assignment1/Preview Content\"";
				DEVELOPMENT_TEAM = V6Q9YDCPQM;
				ENABLE_PREVIEWS = YES;
				GENERATE_INFOPLIST_FILE = YES;
				INFOPLIST_KEY_UIApplicationSceneManifest_Generation = YES;
				INFOPLIST_KEY_UIApplicationSupportsIndirectInputEvents = YES;
				INFOPLIST_KEY_UILaunchScreen_Generation = YES;
				INFOPLIST_KEY_UISupportedInterfaceOrientations_iPad = "UIInterfaceOrientationPortrait UIInterfaceOrientationPortraitUpsideDown UIInterfaceOrientationLandscapeLeft UIInterfaceOrientationLandscapeRight";
				INFOPLIST_KEY_UISupportedInterfaceOrientations_iPhone = "UIInterfaceOrientationPortrait UIInterfaceOrientationLandscapeLeft UIInterfaceOrientationLandscapeRight";
				LD_RUNPATH_SEARCH_PATHS = (
					"$(inherited)",
					"@executable_path/Frameworks",
				);
				MARKETING_VERSION = 1.0;
				PRODUCT_BUNDLE_IDENTIFIER = "vn.edu.rmit.s3777196.HotelList-assignment1";
				PRODUCT_NAME = "$(TARGET_NAME)";
				SWIFT_EMIT_LOC_STRINGS = YES;
				SWIFT_VERSION = 5.0;
				TARGETED_DEVICE_FAMILY = "1,2";
			};
			name = Release;
		};
/* End XCBuildConfiguration section */

/* Begin XCConfigurationList section */
		675A08DD2890FCD200048C31 /* Build configuration list for PBXProject "HotelList_assignment1" */ = {
			isa = XCConfigurationList;
			buildConfigurations = (
				675A08EE2890FCD600048C31 /* Debug */,
				675A08EF2890FCD600048C31 /* Release */,
			);
			defaultConfigurationIsVisible = 0;
			defaultConfigurationName = Release;
		};
		675A08F02890FCD600048C31 /* Build configuration list for PBXNativeTarget "HotelList_assignment1" */ = {
			isa = XCConfigurationList;
			buildConfigurations = (
				675A08F12890FCD600048C31 /* Debug */,
				675A08F22890FCD600048C31 /* Release */,
			);
			defaultConfigurationIsVisible = 0;
			defaultConfigurationName = Release;
		};
/* End XCConfigurationList section */
	};
	rootObject = 675A08DA2890FCD200048C31 /* Project object */;
}
